
Microsoft Visual Studio Solution File, Format Version 12.00
# Visual Studio 2012
Project("{FAE04EC0-301F-11D3-BF4B-00C04F79EFBC}") = "sgate", "sgate\sgate.csproj", "{37A9CC38-04D6-4EFB-B11C-B44C45418576}"
EndProject
Project("{FAE04EC0-301F-11D3-BF4B-00C04F79EFBC}") = "sgate.Tests", "sgate.Tests\sgate.Tests.csproj", "{B912FB91-9EA0-4CA3-BEE0-74F24F309C2B}"
EndProject
Global
	GlobalSection(SolutionConfigurationPlatforms) = preSolution
		Debug|Any CPU = Debug|Any CPU
		Release|Any CPU = Release|Any CPU
	EndGlobalSection
	GlobalSection(ProjectConfigurationPlatforms) = postSolution
		{37A9CC38-04D6-4EFB-B11C-B44C45418576}.Debug|Any CPU.ActiveCfg = Debug|Any CPU
		{37A9CC38-04D6-4EFB-B11C-B44C45418576}.Debug|Any CPU.Build.0 = Debug|Any CPU
		{37A9CC38-04D6-4EFB-B11C-B44C45418576}.Release|Any CPU.ActiveCfg = Release|Any CPU
		{37A9CC38-04D6-4EFB-B11C-B44C45418576}.Release|Any CPU.Build.0 = Release|Any CPU
		{B912FB91-9EA0-4CA3-BEE0-74F24F309C2B}.Debug|Any CPU.ActiveCfg = Debug|Any CPU
		{B912FB91-9EA0-4CA3-BEE0-74F24F309C2B}.Debug|Any CPU.Build.0 = Debug|Any CPU
		{B912FB91-9EA0-4CA3-BEE0-74F24F309C2B}.Release|Any CPU.ActiveCfg = Release|Any CPU
		{B912FB91-9EA0-4CA3-BEE0-74F24F309C2B}.Release|Any CPU.Build.0 = Release|Any CPU
	EndGlobalSection
	GlobalSection(SolutionProperties) = preSolution
		HideSolutionNode = FALSE
	EndGlobalSection
EndGlobal
